
Microsoft Visual Studio Solution File, Format Version 12.00
# Visual Studio Version 17
VisualStudioVersion = 17.7.34018.315
MinimumVisualStudioVersion = 10.0.40219.1
Project("{FAE04EC0-301F-11D3-BF4B-00C04F79EFBC}") = "Entidades", "Entidades\Entidades.csproj", "{CBC24BB4-A88E-406C-A339-D5C2E6F8DEEB}"
EndProject
Global
	GlobalSection(SolutionConfigurationPlatforms) = preSolution
		Debug|Any CPU = Debug|Any CPU
		Release|Any CPU = Release|Any CPU
	EndGlobalSection
	GlobalSection(ProjectConfigurationPlatforms) = postSolution
		{CBC24BB4-A88E-406C-A339-D5C2E6F8DEEB}.Debug|Any CPU.ActiveCfg = Debug|Any CPU
		{CBC24BB4-A88E-406C-A339-D5C2E6F8DEEB}.Debug|Any CPU.Build.0 = Debug|Any CPU
		{CBC24BB4-A88E-406C-A339-D5C2E6F8DEEB}.Release|Any CPU.ActiveCfg = Release|Any CPU
		{CBC24BB4-A88E-406C-A339-D5C2E6F8DEEB}.Release|Any CPU.Build.0 = Release|Any CPU
	EndGlobalSection
	GlobalSection(SolutionProperties) = preSolution
		HideSolutionNode = FALSE
	EndGlobalSection
	GlobalSection(ExtensibilityGlobals) = postSolution
		SolutionGuid = {193AF4BC-6556-4327-9AE9-727F89B839D2}
	EndGlobalSection
EndGlobal
